// !$*UTF8*$!
{
	archiveVersion = 1;
	classes = {
	};
	objectVersion = 50;
	objects = {

/* Begin PBXBuildFile section */
		65DD558C21218F60004951E8 /* AppDelegate.m in Sources */ = {isa = PBXBuildFile; fileRef = 65DD558B21218F60004951E8 /* AppDelegate.m */; };
		65DD558F21218F60004951E8 /* ViewController.m in Sources */ = {isa = PBXBuildFile; fileRef = 65DD558E21218F60004951E8 /* ViewController.m */; };
		65DD559221218F60004951E8 /* Main.storyboard in Resources */ = {isa = PBXBuildFile; fileRef = 65DD559021218F60004951E8 /* Main.storyboard */; };
		65DD559421218F62004951E8 /* Assets.xcassets in Resources */ = {isa = PBXBuildFile; fileRef = 65DD559321218F62004951E8 /* Assets.xcassets */; };
		65DD559721218F62004951E8 /* LaunchScreen.storyboard in Resources */ = {isa = PBXBuildFile; fileRef = 65DD559521218F62004951E8 /* LaunchScreen.storyboard */; };
		65DD559A21218F62004951E8 /* main.m in Sources */ = {isa = PBXBuildFile; fileRef = 65DD559921218F62004951E8 /* main.m */; };
		65DD55A521227B12004951E8 /* NSString+Empty.m in Sources */ = {isa = PBXBuildFile; fileRef = 65DD55A421227B12004951E8 /* NSString+Empty.m */; };
/* End PBXBuildFile section */

/* Begin PBXFileReference section */
		65DD558721218F60004951E8 /* JWExtractString.app */ = {isa = PBXFileReference; explicitFileType = wrapper.application; includeInIndex = 0; path = JWExtractString.app; sourceTree = BUILT_PRODUCTS_DIR; };
		65DD558A21218F60004951E8 /* AppDelegate.h */ = {isa = PBXFileReference; lastKnownFileType = sourcecode.c.h; path = AppDelegate.h; sourceTree = "<group>"; };
		65DD558B21218F60004951E8 /* AppDelegate.m */ = {isa = PBXFileReference; lastKnownFileType = sourcecode.c.objc; path = AppDelegate.m; sourceTree = "<group>"; };
		65DD558D21218F60004951E8 /* ViewController.h */ = {isa = PBXFileReference; lastKnownFileType = sourcecode.c.h; path = ViewController.h; sourceTree = "<group>"; };
		65DD558E21218F60004951E8 /* ViewController.m */ = {isa = PBXFileReference; lastKnownFileType = sourcecode.c.objc; path = ViewController.m; sourceTree = "<group>"; };
		65DD559121218F60004951E8 /* Base */ = {isa = PBXFileReference; lastKnownFileType = file.storyboard; name = Base; path = Base.lproj/Main.storyboard; sourceTree = "<group>"; };
		65DD559321218F62004951E8 /* Assets.xcassets */ = {isa = PBXFileReference; lastKnownFileType = folder.assetcatalog; path = Assets.xcassets; sourceTree = "<group>"; };
		65DD559621218F62004951E8 /* Base */ = {isa = PBXFileReference; lastKnownFileType = file.storyboard; name = Base; path = Base.lproj/LaunchScreen.storyboard; sourceTree = "<group>"; };
		65DD559821218F62004951E8 /* Info.plist */ = {isa = PBXFileReference; lastKnownFileType = text.plist.xml; path = Info.plist; sourceTree = "<group>"; };
		65DD559921218F62004951E8 /* main.m */ = {isa = PBXFileReference; lastKnownFileType = sourcecode.c.objc; path = main.m; sourceTree = "<group>"; };
		65DD55A321227B12004951E8 /* NSString+Empty.h */ = {isa = PBXFileReference; lastKnownFileType = sourcecode.c.h; path = "NSString+Empty.h"; sourceTree = "<group>"; };
		65DD55A421227B12004951E8 /* NSString+Empty.m */ = {isa = PBXFileReference; lastKnownFileType = sourcecode.c.objc; path = "NSString+Empty.m"; sourceTree = "<group>"; };
/* End PBXFileReference section */

/* Begin PBXFrameworksBuildPhase section */
		65DD558421218F60004951E8 /* Frameworks */ = {
			isa = PBXFrameworksBuildPhase;
			buildActionMask = 2147483647;
			files = (
			);
			runOnlyForDeploymentPostprocessing = 0;
		};
/* End PBXFrameworksBuildPhase section */

/* Begin PBXGroup section */
		65DD557E21218F60004951E8 = {
			isa = PBXGroup;
			children = (
				65DD558921218F60004951E8 /* JWExtractString */,
				65DD558821218F60004951E8 /* Products */,
			);
			sourceTree = "<group>";
		};
		65DD558821218F60004951E8 /* Products */ = {
			isa = PBXGroup;
			children = (
				65DD558721218F60004951E8 /* JWExtractString.app */,
			);
			name = Products;
			sourceTree = "<group>";
		};
		65DD558921218F60004951E8 /* JWExtractString */ = {
			isa = PBXGroup;
			children = (
				65DD558A21218F60004951E8 /* AppDelegate.h */,
				65DD558B21218F60004951E8 /* AppDelegate.m */,
				65DD558D21218F60004951E8 /* ViewController.h */,
				65DD558E21218F60004951E8 /* ViewController.m */,
				65DD559021218F60004951E8 /* Main.storyboard */,
				65DD559321218F62004951E8 /* Assets.xcassets */,
				65DD559521218F62004951E8 /* LaunchScreen.storyboard */,
				65DD559821218F62004951E8 /* Info.plist */,
				65DD559921218F62004951E8 /* main.m */,
				65DD55A321227B12004951E8 /* NSString+Empty.h */,
				65DD55A421227B12004951E8 /* NSString+Empty.m */,
			);
			path = JWExtractString;
			sourceTree = "<group>";
		};
/* End PBXGroup section */

/* Begin PBXNativeTarget section */
		65DD558621218F60004951E8 /* JWExtractString */ = {
			isa = PBXNativeTarget;
			buildConfigurationList = 65DD559D21218F62004951E8 /* Build configuration list for PBXNativeTarget "JWExtractString" */;
			buildPhases = (
				65DD558321218F60004951E8 /* Sources */,
				65DD558421218F60004951E8 /* Frameworks */,
				65DD558521218F60004951E8 /* Resources */,
			);
			buildRules = (
			);
			dependencies = (
			);
			name = JWExtractString;
			productName = JWExtractString;
			productReference = 65DD558721218F60004951E8 /* JWExtractString.app */;
			productType = "com.apple.product-type.application";
		};
/* End PBXNativeTarget section */

/* Begin PBXProject section */
		65DD557F21218F60004951E8 /* Project object */ = {
			isa = PBXProject;
			attributes = {
				LastUpgradeCheck = 0940;
				ORGANIZATIONNAME = JessieWu;
				TargetAttributes = {
					65DD558621218F60004951E8 = {
						CreatedOnToolsVersion = 9.4.1;
					};
				};
			};
			buildConfigurationList = 65DD558221218F60004951E8 /* Build configuration list for PBXProject "JWExtractString" */;
			compatibilityVersion = "Xcode 9.3";
			developmentRegion = en;
			hasScannedForEncodings = 0;
			knownRegions = (
				en,
				Base,
			);
			mainGroup = 65DD557E21218F60004951E8;
			productRefGroup = 65DD558821218F60004951E8 /* Products */;
			projectDirPath = "";
			projectRoot = "";
			targets = (
				65DD558621218F60004951E8 /* JWExtractString */,
			);
		};
/* End PBXProject section */

/* Begin PBXResourcesBuildPhase section */
		65DD558521218F60004951E8 /* Resources */ = {
			isa = PBXResourcesBuildPhase;
			buildActionMask = 2147483647;
			files = (
				65DD559721218F62004951E8 /* LaunchScreen.storyboard in Resources */,
				65DD559421218F62004951E8 /* Assets.xcassets in Resources */,
				65DD559221218F60004951E8 /* Main.storyboard in Resources */,
			);
			runOnlyForDeploymentPostprocessing = 0;
		};
/* End PBXResourcesBuildPhase section */

/* Begin PBXSourcesBuildPhase section */
		65DD558321218F60004951E8 /* Sources */ = {
			isa = PBXSourcesBuildPhase;
			buildActionMask = 2147483647;
			files = (
				65DD558F21218F60004951E8 /* ViewController.m in Sources */,
				65DD559A21218F62004951E8 /* main.m in Sources */,
				65DD55A521227B12004951E8 /* NSString+Empty.m in Sources */,
				65DD558C21218F60004951E8 /* AppDelegate.m in Sources */,
			);
			runOnlyForDeploymentPostprocessing = 0;
		};
/* End PBXSourcesBuildPhase section */

/* Begin PBXVariantGroup section */
		65DD559021218F60004951E8 /* Main.storyboard */ = {
			isa = PBXVariantGroup;
			children = (
				65DD559121218F60004951E8 /* Base */,
			);
			name = Main.storyboard;
			sourceTree = "<group>";
		};
		65DD559521218F62004951E8 /* LaunchScreen.storyboard */ = {
			isa = PBXVariantGroup;
			children = (
				65DD559621218F62004951E8 /* Base */,
			);
			name = LaunchScreen.storyboard;
			sourceTree = "<group>";
		};
/* End PBXVariantGroup section */

/* Begin XCBuildConfiguration section */
		65DD559B21218F62004951E8 /* Debug */ = {
			isa = XCBuildConfiguration;
			buildSettings = {
				ALWAYS_SEARCH_USER_PATHS = NO;
				CLANG_ANALYZER_NONNULL = YES;
				CLANG_ANALYZER_NUMBER_OBJECT_CONVERSION = YES_AGGRESSIVE;
				CLANG_CXX_LANGUAGE_STANDARD = "gnu++14";
				CLANG_CXX_LIBRARY = "libc++";
				CLANG_ENABLE_MODULES = YES;
				CLANG_ENABLE_OBJC_ARC = YES;
				CLANG_ENABLE_OBJC_WEAK = YES;
				CLANG_WARN_BLOCK_CAPTURE_AUTORELEASING = YES;
				CLANG_WARN_BOOL_CONVERSION = YES;
				CLANG_WARN_COMMA = YES;
				CLANG_WARN_CONSTANT_CONVERSION = YES;
				CLANG_WARN_DEPRECATED_OBJC_IMPLEMENTATIONS = YES;
				CLANG_WARN_DIRECT_OBJC_ISA_USAGE = YES_ERROR;
				CLANG_WARN_DOCUMENTATION_COMMENTS = YES;
				CLANG_WARN_EMPTY_BODY = YES;
				CLANG_WARN_ENUM_CONVERSION = YES;
				CLANG_WARN_INFINITE_RECURSION = YES;
				CLANG_WARN_INT_CONVERSION = YES;
				CLANG_WARN_NON_LITERAL_NULL_CONVERSION = YES;
				CLANG_WARN_OBJC_IMPLICIT_RETAIN_SELF = YES;
				CLANG_WARN_OBJC_LITERAL_CONVERSION = YES;
				CLANG_WARN_OBJC_ROOT_CLASS = YES_ERROR;
				CLANG_WARN_RANGE_LOOP_ANALYSIS = YES;
				CLANG_WARN_STRICT_PROTOTYPES = YES;
				CLANG_WARN_SUSPICIOUS_MOVE = YES;
				CLANG_WARN_UNGUARDED_AVAILABILITY = YES_AGGRESSIVE;
				CLANG_WARN_UNREACHABLE_CODE = YES;
				CLANG_WARN__DUPLICATE_METHOD_MATCH = YES;
				CODE_SIGN_IDENTITY = "iPhone Developer";
				COPY_PHASE_STRIP = NO;
				DEBUG_INFORMATION_FORMAT = dwarf;
				ENABLE_STRICT_OBJC_MSGSEND = YES;
				ENABLE_TESTABILITY = YES;
				GCC_C_LANGUAGE_STANDARD = gnu11;
				GCC_DYNAMIC_NO_PIC = NO;
				GCC_NO_COMMON_BLOCKS = YES;
				GCC_OPTIMIZATION_LEVEL = 0;
				GCC_PREPROCESSOR_DEFINITIONS = (
					"DEBUG=1",
					"$(inherited)",
				);
				GCC_WARN_64_TO_32_BIT_CONVERSION = YES;
				GCC_WARN_ABOUT_RETURN_TYPE = YES_ERROR;
				GCC_WARN_UNDECLARED_SELECTOR = YES;
				GCC_WARN_UNINITIALIZED_AUTOS = YES_AGGRESSIVE;
				GCC_WARN_UNUSED_FUNCTION = YES;
				GCC_WARN_UNUSED_VARIABLE = YES;
				IPHONEOS_DEPLOYMENT_TARGET = 11.4;
				MTL_ENABLE_DEBUG_INFO = YES;
				ONLY_ACTIVE_ARCH = YES;
				SDKROOT = iphoneos;
			};
			name = Debug;
		};
		65DD559C21218F62004951E8 /* Release */ = {
			isa = XCBuildConfiguration;
			buildSettings = {
				ALWAYS_SEARCH_USER_PATHS = NO;
				CLANG_ANALYZER_NONNULL = YES;
				CLANG_ANALYZER_NUMBER_OBJECT_CONVERSION = YES_AGGRESSIVE;
				CLANG_CXX_LANGUAGE_STANDARD = "gnu++14";
				CLANG_CXX_LIBRARY = "libc++";
				CLANG_ENABLE_MODULES = YES;
				CLANG_ENABLE_OBJC_ARC = YES;
				CLANG_ENABLE_OBJC_WEAK = YES;
				CLANG_WARN_BLOCK_CAPTURE_AUTORELEASING = YES;
				CLANG_WARN_BOOL_CONVERSION = YES;
				CLANG_WARN_COMMA = YES;
				CLANG_WARN_CONSTANT_CONVERSION = YES;
				CLANG_WARN_DEPRECATED_OBJC_IMPLEMENTATIONS = YES;
				CLANG_WARN_DIRECT_OBJC_ISA_USAGE = YES_ERROR;
				CLANG_WARN_DOCUMENTATION_COMMENTS = YES;
				CLANG_WARN_EMPTY_BODY = YES;
				CLANG_WARN_ENUM_CONVERSION = YES;
				CLANG_WARN_INFINITE_RECURSION = YES;
				CLANG_WARN_INT_CONVERSION = YES;
				CLANG_WARN_NON_LITERAL_NULL_CONVERSION = YES;
				CLANG_WARN_OBJC_IMPLICIT_RETAIN_SELF = YES;
				CLANG_WARN_OBJC_LITERAL_CONVERSION = YES;
				CLANG_WARN_OBJC_ROOT_CLASS = YES_ERROR;
				CLANG_WARN_RANGE_LOOP_ANALYSIS = YES;
				CLANG_WARN_STRICT_PROTOTYPES = YES;
				CLANG_WARN_SUSPICIOUS_MOVE = YES;
				CLANG_WARN_UNGUARDED_AVAILABILITY = YES_AGGRESSIVE;
				CLANG_WARN_UNREACHABLE_CODE = YES;
				CLANG_WARN__DUPLICATE_METHOD_MATCH = YES;
				CODE_SIGN_IDENTITY = "iPhone Developer";
				COPY_PHASE_STRIP = NO;
				DEBUG_INFORMATION_FORMAT = "dwarf-with-dsym";
				ENABLE_NS_ASSERTIONS = NO;
				ENABLE_STRICT_OBJC_MSGSEND = YES;
				GCC_C_LANGUAGE_STANDARD = gnu11;
				GCC_NO_COMMON_BLOCKS = YES;
				GCC_WARN_64_TO_32_BIT_CONVERSION = YES;
				GCC_WARN_ABOUT_RETURN_TYPE = YES_ERROR;
				GCC_WARN_UNDECLARED_SELECTOR = YES;
				GCC_WARN_UNINITIALIZED_AUTOS = YES_AGGRESSIVE;
				GCC_WARN_UNUSED_FUNCTION = YES;
				GCC_WARN_UNUSED_VARIABLE = YES;
				IPHONEOS_DEPLOYMENT_TARGET = 11.4;
				MTL_ENABLE_DEBUG_INFO = NO;
				SDKROOT = iphoneos;
				VALIDATE_PRODUCT = YES;
			};
			name = Release;
		};
		65DD559E21218F62004951E8 /* Debug */ = {
			isa = XCBuildConfiguration;
			buildSettings = {
				ASSETCATALOG_COMPILER_APPICON_NAME = AppIcon;
				CODE_SIGN_STYLE = Automatic;
				DEVELOPMENT_TEAM = DT8MY6DL3S;
				INFOPLIST_FILE = JWExtractString/Info.plist;
				LD_RUNPATH_SEARCH_PATHS = (
					"$(inherited)",
					"@executable_path/Frameworks",
				);
				PRODUCT_BUNDLE_IDENTIFIER = jessiewu.JWExtractString;
				PRODUCT_NAME = "$(TARGET_NAME)";
				TARGETED_DEVICE_FAMILY = "1,2";
			};
			name = Debug;
		};
		65DD559F21218F62004951E8 /* Release */ = {
			isa = XCBuildConfiguration;
			buildSettings = {
				ASSETCATALOG_COMPILER_APPICON_NAME = AppIcon;
				CODE_SIGN_STYLE = Automatic;
				DEVELOPMENT_TEAM = DT8MY6DL3S;
				INFOPLIST_FILE = JWExtractString/Info.plist;
				LD_RUNPATH_SEARCH_PATHS = (
					"$(inherited)",
					"@executable_path/Frameworks",
				);
				PRODUCT_BUNDLE_IDENTIFIER = jessiewu.JWExtractString;
				PRODUCT_NAME = "$(TARGET_NAME)";
				TARGETED_DEVICE_FAMILY = "1,2";
			};
			name = Release;
		};
/* End XCBuildConfiguration section */

/* Begin XCConfigurationList section */
		65DD558221218F60004951E8 /* Build configuration list for PBXProject "JWExtractString" */ = {
			isa = XCConfigurationList;
			buildConfigurations = (
				65DD559B21218F62004951E8 /* Debug */,
				65DD559C21218F62004951E8 /* Release */,
			);
			defaultConfigurationIsVisible = 0;
			defaultConfigurationName = Release;
		};
		65DD559D21218F62004951E8 /* Build configuration list for PBXNativeTarget "JWExtractString" */ = {
			isa = XCConfigurationList;
			buildConfigurations = (
				65DD559E21218F62004951E8 /* Debug */,
				65DD559F21218F62004951E8 /* Release */,
			);
			defaultConfigurationIsVisible = 0;
			defaultConfigurationName = Release;
		};
/* End XCConfigurationList section */
	};
	rootObject = 65DD557F21218F60004951E8 /* Project object */;
}
